// !$*UTF8*$!
{
	archiveVersion = 1;
	classes = {
	};
	objectVersion = 46;
	objects = {

/* Begin PBXBuildFile section */
		6D0A822E1A147EEC0021DC31 /* AppDelegate.swift in Sources */ = {isa = PBXBuildFile; fileRef = 6D0A822D1A147EEC0021DC31 /* AppDelegate.swift */; };
		6D0A82301A147EEC0021DC31 /* ViewController.swift in Sources */ = {isa = PBXBuildFile; fileRef = 6D0A822F1A147EEC0021DC31 /* ViewController.swift */; };
		6D0A82331A147EEC0021DC31 /* Main.storyboard in Resources */ = {isa = PBXBuildFile; fileRef = 6D0A82311A147EEC0021DC31 /* Main.storyboard */; };
		6D0A82351A147EEC0021DC31 /* Images.xcassets in Resources */ = {isa = PBXBuildFile; fileRef = 6D0A82341A147EEC0021DC31 /* Images.xcassets */; };
		6D0A82381A147EEC0021DC31 /* LaunchScreen.xib in Resources */ = {isa = PBXBuildFile; fileRef = 6D0A82361A147EEC0021DC31 /* LaunchScreen.xib */; };
		6D0A82441A147EEC0021DC31 /* PostcardTests.swift in Sources */ = {isa = PBXBuildFile; fileRef = 6D0A82431A147EEC0021DC31 /* PostcardTests.swift */; };
		6D0A824F1A1489340021DC31 /* AlbertEinsteinStamp.jpg in Resources */ = {isa = PBXBuildFile; fileRef = 6D0A824D1A1489340021DC31 /* AlbertEinsteinStamp.jpg */; };
		6D0A82501A1489340021DC31 /* SagradaFamilia.jpeg in Resources */ = {isa = PBXBuildFile; fileRef = 6D0A824E1A1489340021DC31 /* SagradaFamilia.jpeg */; };
/* End PBXBuildFile section */

/* Begin PBXContainerItemProxy section */
		6D0A823E1A147EEC0021DC31 /* PBXContainerItemProxy */ = {
			isa = PBXContainerItemProxy;
			containerPortal = 6D0A82201A147EEC0021DC31 /* Project object */;
			proxyType = 1;
			remoteGlobalIDString = 6D0A82271A147EEC0021DC31;
			remoteInfo = Postcard;
		};
/* End PBXContainerItemProxy section */

/* Begin PBXFileReference section */
		6D0A82281A147EEC0021DC31 /* Postcard.app */ = {isa = PBXFileReference; explicitFileType = wrapper.application; includeInIndex = 0; path = Postcard.app; sourceTree = BUILT_PRODUCTS_DIR; };
		6D0A822C1A147EEC0021DC31 /* Info.plist */ = {isa = PBXFileReference; lastKnownFileType = text.plist.xml; path = Info.plist; sourceTree = "<group>"; };
		6D0A822D1A147EEC0021DC31 /* AppDelegate.swift */ = {isa = PBXFileReference; lastKnownFileType = sourcecode.swift; path = AppDelegate.swift; sourceTree = "<group>"; };
		6D0A822F1A147EEC0021DC31 /* ViewController.swift */ = {isa = PBXFileReference; lastKnownFileType = sourcecode.swift; path = ViewController.swift; sourceTree = "<group>"; };
		6D0A82321A147EEC0021DC31 /* Base */ = {isa = PBXFileReference; lastKnownFileType = file.storyboard; name = Base; path = Base.lproj/Main.storyboard; sourceTree = "<group>"; };
		6D0A82341A147EEC0021DC31 /* Images.xcassets */ = {isa = PBXFileReference; lastKnownFileType = folder.assetcatalog; path = Images.xcassets; sourceTree = "<group>"; };
		6D0A82371A147EEC0021DC31 /* Base */ = {isa = PBXFileReference; lastKnownFileType = file.xib; name = Base; path = Base.lproj/LaunchScreen.xib; sourceTree = "<group>"; };
		6D0A823D1A147EEC0021DC31 /* PostcardTests.xctest */ = {isa = PBXFileReference; explicitFileType = wrapper.cfbundle; includeInIndex = 0; path = PostcardTests.xctest; sourceTree = BUILT_PRODUCTS_DIR; };
		6D0A82421A147EEC0021DC31 /* Info.plist */ = {isa = PBXFileReference; lastKnownFileType = text.plist.xml; path = Info.plist; sourceTree = "<group>"; };
		6D0A82431A147EEC0021DC31 /* PostcardTests.swift */ = {isa = PBXFileReference; lastKnownFileType = sourcecode.swift; path = PostcardTests.swift; sourceTree = "<group>"; };
		6D0A824D1A1489340021DC31 /* AlbertEinsteinStamp.jpg */ = {isa = PBXFileReference; lastKnownFileType = image.jpeg; path = AlbertEinsteinStamp.jpg; sourceTree = "<group>"; };
		6D0A824E1A1489340021DC31 /* SagradaFamilia.jpeg */ = {isa = PBXFileReference; lastKnownFileType = image.jpeg; path = SagradaFamilia.jpeg; sourceTree = "<group>"; };
/* End PBXFileReference section */

/* Begin PBXFrameworksBuildPhase section */
		6D0A82251A147EEC0021DC31 /* Frameworks */ = {
			isa = PBXFrameworksBuildPhase;
			buildActionMask = 2147483647;
			files = (
			);
			runOnlyForDeploymentPostprocessing = 0;
		};
		6D0A823A1A147EEC0021DC31 /* Frameworks */ = {
			isa = PBXFrameworksBuildPhase;
			buildActionMask = 2147483647;
			files = (
			);
			runOnlyForDeploymentPostprocessing = 0;
		};
/* End PBXFrameworksBuildPhase section */

/* Begin PBXGroup section */
		6D0A821F1A147EEC0021DC31 = {
			isa = PBXGroup;
			children = (
				6D0A822A1A147EEC0021DC31 /* Postcard */,
				6D0A82401A147EEC0021DC31 /* PostcardTests */,
				6D0A82291A147EEC0021DC31 /* Products */,
			);
			sourceTree = "<group>";
		};
		6D0A82291A147EEC0021DC31 /* Products */ = {
			isa = PBXGroup;
			children = (
				6D0A82281A147EEC0021DC31 /* Postcard.app */,
				6D0A823D1A147EEC0021DC31 /* PostcardTests.xctest */,
			);
			name = Products;
			sourceTree = "<group>";
		};
		6D0A822A1A147EEC0021DC31 /* Postcard */ = {
			isa = PBXGroup;
			children = (
				6D0A822D1A147EEC0021DC31 /* AppDelegate.swift */,
				6D0A822F1A147EEC0021DC31 /* ViewController.swift */,
				6D0A82311A147EEC0021DC31 /* Main.storyboard */,
				6D0A82341A147EEC0021DC31 /* Images.xcassets */,
				6D0A82361A147EEC0021DC31 /* LaunchScreen.xib */,
				6D0A822B1A147EEC0021DC31 /* Supporting Files */,
			);
			path = Postcard;
			sourceTree = "<group>";
		};
		6D0A822B1A147EEC0021DC31 /* Supporting Files */ = {
			isa = PBXGroup;
			children = (
				6D0A824D1A1489340021DC31 /* AlbertEinsteinStamp.jpg */,
				6D0A824E1A1489340021DC31 /* SagradaFamilia.jpeg */,
				6D0A822C1A147EEC0021DC31 /* Info.plist */,
			);
			name = "Supporting Files";
			sourceTree = "<group>";
		};
		6D0A82401A147EEC0021DC31 /* PostcardTests */ = {
			isa = PBXGroup;
			children = (
				6D0A82431A147EEC0021DC31 /* PostcardTests.swift */,
				6D0A82411A147EEC0021DC31 /* Supporting Files */,
			);
			path = PostcardTests;
			sourceTree = "<group>";
		};
		6D0A82411A147EEC0021DC31 /* Supporting Files */ = {
			isa = PBXGroup;
			children = (
				6D0A82421A147EEC0021DC31 /* Info.plist */,
			);
			name = "Supporting Files";
			sourceTree = "<group>";
		};
/* End PBXGroup section */

/* Begin PBXNativeTarget section */
		6D0A82271A147EEC0021DC31 /* Postcard */ = {
			isa = PBXNativeTarget;
			buildConfigurationList = 6D0A82471A147EEC0021DC31 /* Build configuration list for PBXNativeTarget "Postcard" */;
			buildPhases = (
				6D0A82241A147EEC0021DC31 /* Sources */,
				6D0A82251A147EEC0021DC31 /* Frameworks */,
				6D0A82261A147EEC0021DC31 /* Resources */,
			);
			buildRules = (
			);
			dependencies = (
			);
			name = Postcard;
			productName = Postcard;
			productReference = 6D0A82281A147EEC0021DC31 /* Postcard.app */;
			productType = "com.apple.product-type.application";
		};
		6D0A823C1A147EEC0021DC31 /* PostcardTests */ = {
			isa = PBXNativeTarget;
			buildConfigurationList = 6D0A824A1A147EEC0021DC31 /* Build configuration list for PBXNativeTarget "PostcardTests" */;
			buildPhases = (
				6D0A82391A147EEC0021DC31 /* Sources */,
				6D0A823A1A147EEC0021DC31 /* Frameworks */,
				6D0A823B1A147EEC0021DC31 /* Resources */,
			);
			buildRules = (
			);
			dependencies = (
				6D0A823F1A147EEC0021DC31 /* PBXTargetDependency */,
			);
			name = PostcardTests;
			productName = PostcardTests;
			productReference = 6D0A823D1A147EEC0021DC31 /* PostcardTests.xctest */;
			productType = "com.apple.product-type.bundle.unit-test";
		};
/* End PBXNativeTarget section */

/* Begin PBXProject section */
		6D0A82201A147EEC0021DC31 /* Project object */ = {
			isa = PBXProject;
			attributes = {
				LastUpgradeCheck = 0610;
				ORGANIZATIONNAME = "Misterbumbles interactive";
				TargetAttributes = {
					6D0A82271A147EEC0021DC31 = {
						CreatedOnToolsVersion = 6.1;
					};
					6D0A823C1A147EEC0021DC31 = {
						CreatedOnToolsVersion = 6.1;
						TestTargetID = 6D0A82271A147EEC0021DC31;
					};
				};
			};
			buildConfigurationList = 6D0A82231A147EEC0021DC31 /* Build configuration list for PBXProject "Postcard" */;
			compatibilityVersion = "Xcode 3.2";
			developmentRegion = English;
			hasScannedForEncodings = 0;
			knownRegions = (
				en,
				Base,
			);
			mainGroup = 6D0A821F1A147EEC0021DC31;
			productRefGroup = 6D0A82291A147EEC0021DC31 /* Products */;
			projectDirPath = "";
			projectRoot = "";
			targets = (
				6D0A82271A147EEC0021DC31 /* Postcard */,
				6D0A823C1A147EEC0021DC31 /* PostcardTests */,
			);
		};
/* End PBXProject section */

/* Begin PBXResourcesBuildPhase section */
		6D0A82261A147EEC0021DC31 /* Resources */ = {
			isa = PBXResourcesBuildPhase;
			buildActionMask = 2147483647;
			files = (
				6D0A824F1A1489340021DC31 /* AlbertEinsteinStamp.jpg in Resources */,
				6D0A82331A147EEC0021DC31 /* Main.storyboard in Resources */,
				6D0A82381A147EEC0021DC31 /* LaunchScreen.xib in Resources */,
				6D0A82351A147EEC0021DC31 /* Images.xcassets in Resources */,
				6D0A82501A1489340021DC31 /* SagradaFamilia.jpeg in Resources */,
			);
			runOnlyForDeploymentPostprocessing = 0;
		};
		6D0A823B1A147EEC0021DC31 /* Resources */ = {
			isa = PBXResourcesBuildPhase;
			buildActionMask = 2147483647;
			files = (
			);
			runOnlyForDeploymentPostprocessing = 0;
		};
/* End PBXResourcesBuildPhase section */

/* Begin PBXSourcesBuildPhase section */
		6D0A82241A147EEC0021DC31 /* Sources */ = {
			isa = PBXSourcesBuildPhase;
			buildActionMask = 2147483647;
			files = (
				6D0A82301A147EEC0021DC31 /* ViewController.swift in Sources */,
				6D0A822E1A147EEC0021DC31 /* AppDelegate.swift in Sources */,
			);
			runOnlyForDeploymentPostprocessing = 0;
		};
		6D0A82391A147EEC0021DC31 /* Sources */ = {
			isa = PBXSourcesBuildPhase;
			buildActionMask = 2147483647;
			files = (
				6D0A82441A147EEC0021DC31 /* PostcardTests.swift in Sources */,
			);
			runOnlyForDeploymentPostprocessing = 0;
		};
/* End PBXSourcesBuildPhase section */

/* Begin PBXTargetDependency section */
		6D0A823F1A147EEC0021DC31 /* PBXTargetDependency */ = {
			isa = PBXTargetDependency;
			target = 6D0A82271A147EEC0021DC31 /* Postcard */;
			targetProxy = 6D0A823E1A147EEC0021DC31 /* PBXContainerItemProxy */;
		};
/* End PBXTargetDependency section */

/* Begin PBXVariantGroup section */
		6D0A82311A147EEC0021DC31 /* Main.storyboard */ = {
			isa = PBXVariantGroup;
			children = (
				6D0A82321A147EEC0021DC31 /* Base */,
			);
			name = Main.storyboard;
			sourceTree = "<group>";
		};
		6D0A82361A147EEC0021DC31 /* LaunchScreen.xib */ = {
			isa = PBXVariantGroup;
			children = (
				6D0A82371A147EEC0021DC31 /* Base */,
			);
			name = LaunchScreen.xib;
			sourceTree = "<group>";
		};
/* End PBXVariantGroup section */

/* Begin XCBuildConfiguration section */
		6D0A82451A147EEC0021DC31 /* Debug */ = {
			isa = XCBuildConfiguration;
			buildSettings = {
				ALWAYS_SEARCH_USER_PATHS = NO;
				CLANG_CXX_LANGUAGE_STANDARD = "gnu++0x";
				CLANG_CXX_LIBRARY = "libc++";
				CLANG_ENABLE_MODULES = YES;
				CLANG_ENABLE_OBJC_ARC = YES;
				CLANG_WARN_BOOL_CONVERSION = YES;
				CLANG_WARN_CONSTANT_CONVERSION = YES;
				CLANG_WARN_DIRECT_OBJC_ISA_USAGE = YES_ERROR;
				CLANG_WARN_EMPTY_BODY = YES;
				CLANG_WARN_ENUM_CONVERSION = YES;
				CLANG_WARN_INT_CONVERSION = YES;
				CLANG_WARN_OBJC_ROOT_CLASS = YES_ERROR;
				CLANG_WARN_UNREACHABLE_CODE = YES;
				CLANG_WARN__DUPLICATE_METHOD_MATCH = YES;
				"CODE_SIGN_IDENTITY[sdk=iphoneos*]" = "iPhone Developer";
				COPY_PHASE_STRIP = NO;
				ENABLE_STRICT_OBJC_MSGSEND = YES;
				GCC_C_LANGUAGE_STANDARD = gnu99;
				GCC_DYNAMIC_NO_PIC = NO;
				GCC_OPTIMIZATION_LEVEL = 0;
				GCC_PREPROCESSOR_DEFINITIONS = (
					"DEBUG=1",
					"$(inherited)",
				);
				GCC_SYMBOLS_PRIVATE_EXTERN = NO;
				GCC_WARN_64_TO_32_BIT_CONVERSION = YES;
				GCC_WARN_ABOUT_RETURN_TYPE = YES_ERROR;
				GCC_WARN_UNDECLARED_SELECTOR = YES;
				GCC_WARN_UNINITIALIZED_AUTOS = YES_AGGRESSIVE;
				GCC_WARN_UNUSED_FUNCTION = YES;
				GCC_WARN_UNUSED_VARIABLE = YES;
				IPHONEOS_DEPLOYMENT_TARGET = 8.1;
				MTL_ENABLE_DEBUG_INFO = YES;
				ONLY_ACTIVE_ARCH = YES;
				SDKROOT = iphoneos;
				SWIFT_OPTIMIZATION_LEVEL = "-Onone";
				TARGETED_DEVICE_FAMILY = "1,2";
			};
			name = Debug;
		};
		6D0A82461A147EEC0021DC31 /* Release */ = {
			isa = XCBuildConfiguration;
			buildSettings = {
				ALWAYS_SEARCH_USER_PATHS = NO;
				CLANG_CXX_LANGUAGE_STANDARD = "gnu++0x";
				CLANG_CXX_LIBRARY = "libc++";
				CLANG_ENABLE_MODULES = YES;
				CLANG_ENABLE_OBJC_ARC = YES;
				CLANG_WARN_BOOL_CONVERSION = YES;
				CLANG_WARN_CONSTANT_CONVERSION = YES;
				CLANG_WARN_DIRECT_OBJC_ISA_USAGE = YES_ERROR;
				CLANG_WARN_EMPTY_BODY = YES;
				CLANG_WARN_ENUM_CONVERSION = YES;
				CLANG_WARN_INT_CONVERSION = YES;
				CLANG_WARN_OBJC_ROOT_CLASS = YES_ERROR;
				CLANG_WARN_UNREACHABLE_CODE = YES;
				CLANG_WARN__DUPLICATE_METHOD_MATCH = YES;
				"CODE_SIGN_IDENTITY[sdk=iphoneos*]" = "iPhone Developer";
				COPY_PHASE_STRIP = YES;
				ENABLE_NS_ASSERTIONS = NO;
				ENABLE_STRICT_OBJC_MSGSEND = YES;
				GCC_C_LANGUAGE_STANDARD = gnu99;
				GCC_WARN_64_TO_32_BIT_CONVERSION = YES;
				GCC_WARN_ABOUT_RETURN_TYPE = YES_ERROR;
				GCC_WARN_UNDECLARED_SELECTOR = YES;
				GCC_WARN_UNINITIALIZED_AUTOS = YES_AGGRESSIVE;
				GCC_WARN_UNUSED_FUNCTION = YES;
				GCC_WARN_UNUSED_VARIABLE = YES;
				IPHONEOS_DEPLOYMENT_TARGET = 8.1;
				MTL_ENABLE_DEBUG_INFO = NO;
				SDKROOT = iphoneos;
				TARGETED_DEVICE_FAMILY = "1,2";
				VALIDATE_PRODUCT = YES;
			};
			name = Release;
		};
		6D0A82481A147EEC0021DC31 /* Debug */ = {
			isa = XCBuildConfiguration;
			buildSettings = {
				ASSETCATALOG_COMPILER_APPICON_NAME = AppIcon;
				INFOPLIST_FILE = Postcard/Info.plist;
				LD_RUNPATH_SEARCH_PATHS = "$(inherited) @executable_path/Frameworks";
				PRODUCT_NAME = "$(TARGET_NAME)";
			};
			name = Debug;
		};
		6D0A82491A147EEC0021DC31 /* Release */ = {
			isa = XCBuildConfiguration;
			buildSettings = {
				ASSETCATALOG_COMPILER_APPICON_NAME = AppIcon;
				INFOPLIST_FILE = Postcard/Info.plist;
				LD_RUNPATH_SEARCH_PATHS = "$(inherited) @executable_path/Frameworks";
				PRODUCT_NAME = "$(TARGET_NAME)";
			};
			name = Release;
		};
		6D0A824B1A147EEC0021DC31 /* Debug */ = {
			isa = XCBuildConfiguration;
			buildSettings = {
				BUNDLE_LOADER = "$(TEST_HOST)";
				FRAMEWORK_SEARCH_PATHS = (
					"$(SDKROOT)/Developer/Library/Frameworks",
					"$(inherited)",
				);
				GCC_PREPROCESSOR_DEFINITIONS = (
					"DEBUG=1",
					"$(inherited)",
				);
				INFOPLIST_FILE = PostcardTests/Info.plist;
				LD_RUNPATH_SEARCH_PATHS = "$(inherited) @executable_path/Frameworks @loader_path/Frameworks";
				PRODUCT_NAME = "$(TARGET_NAME)";
				TEST_HOST = "$(BUILT_PRODUCTS_DIR)/Postcard.app/Postcard";
			};
			name = Debug;
		};
		6D0A824C1A147EEC0021DC31 /* Release */ = {
			isa = XCBuildConfiguration;
			buildSettings = {
				BUNDLE_LOADER = "$(TEST_HOST)";
				FRAMEWORK_SEARCH_PATHS = (
					"$(SDKROOT)/Developer/Library/Frameworks",
					"$(inherited)",
				);
				INFOPLIST_FILE = PostcardTests/Info.plist;
				LD_RUNPATH_SEARCH_PATHS = "$(inherited) @executable_path/Frameworks @loader_path/Frameworks";
				PRODUCT_NAME = "$(TARGET_NAME)";
				TEST_HOST = "$(BUILT_PRODUCTS_DIR)/Postcard.app/Postcard";
			};
			name = Release;
		};
/* End XCBuildConfiguration section */

/* Begin XCConfigurationList section */
		6D0A82231A147EEC0021DC31 /* Build configuration list for PBXProject "Postcard" */ = {
			isa = XCConfigurationList;
			buildConfigurations = (
				6D0A82451A147EEC0021DC31 /* Debug */,
				6D0A82461A147EEC0021DC31 /* Release */,
			);
			defaultConfigurationIsVisible = 0;
			defaultConfigurationName = Release;
		};
		6D0A82471A147EEC0021DC31 /* Build configuration list for PBXNativeTarget "Postcard" */ = {
			isa = XCConfigurationList;
			buildConfigurations = (
				6D0A82481A147EEC0021DC31 /* Debug */,
				6D0A82491A147EEC0021DC31 /* Release */,
			);
			defaultConfigurationIsVisible = 0;
		};
		6D0A824A1A147EEC0021DC31 /* Build configuration list for PBXNativeTarget "PostcardTests" */ = {
			isa = XCConfigurationList;
			buildConfigurations = (
				6D0A824B1A147EEC0021DC31 /* Debug */,
				6D0A824C1A147EEC0021DC31 /* Release */,
			);
			defaultConfigurationIsVisible = 0;
		};
/* End XCConfigurationList section */
	};
	rootObject = 6D0A82201A147EEC0021DC31 /* Project object */;
}
